# This file is autogenerated, do not edit; changes may be undone by the next 'dep ensure'.


[[projects]]
  name = "github.com/go-redis/redis"
  packages = [".","internal","internal/consistenthash","internal/hashtag","internal/pool","internal/proto"]
  revision = "35248155a505a84811be81a2aab1c423317447be"
  version = "v6.7.2"

[solve-meta]
  analyzer-name = "dep"
  analyzer-version = 1
  inputs-digest = "798a6dfd712bcfc8b2aad9dd01a28bbae60afc03aaac9166f3ca8c31774937f2"
  solver-name = "gps-cdcl"
  solver-version = 1
