# This file is autogenerated, do not edit; changes may be undone by the next 'dep ensure'.


[[projects]]
  name = "github.com/Jeffail/gabs"
  packages = ["."]
  revision = "2a3aa15961d5fee6047b8151b67ac2f08ba2c48c"
  version = "1.0"

[solve-meta]
  analyzer-name = "dep"
  analyzer-version = 1
  inputs-digest = "0ab44c7be8137cb6b747083482b0b3b2848bf052ec3cb05ded60d36460f8ddba"
  solver-name = "gps-cdcl"
  solver-version = 1
