# This file is autogenerated, do not edit; changes may be undone by the next 'dep ensure'.


[[projects]]
  branch = "master"
  name = "github.com/miekg/dns"
  packages = ["."]
  revision = "e4205768578dc90c2669e75a2f8a8bf77e3083a4"

[solve-meta]
  analyzer-name = "dep"
  analyzer-version = 1
  inputs-digest = "ca785e831ac40d255a0fadd7ac78ecce4f9ef81bcf398e67baaf81fa7d809e0d"
  solver-name = "gps-cdcl"
  solver-version = 1
